{
  "name": "ajs-usage",
  "version": "1.0.0",
  "lockfileVersion": 2,
  "requires": true,
  "packages": {
    "": {
      "name": "ajs-usage",
      "version": "1.0.0",
      "license": "ISC",
      "dependencies": {
        "@asosnin/ajs": "^1.0.0"
      }
    },
    "node_modules/@asosnin/ajs": {
      "version": "1.0.0",
      "resolved": "https://npm.pkg.github.com/download/@asosnin/ajs/1.0.0/f5e3b16c7d6f881a63d954624fece80162e2e9aed1d0bb09b1f3001ca294a902",
      "integrity": "sha512-bB6sGjpt/gO7+JEZgcGwmuuupHDoGyELWrEvg3G5kOJ0TyTUQ3nONBvzDczf35YUoKCDjtyDBbxaPcXPsoiR3g==",
      "license": "ISC"
    }
  },
  "dependencies": {
    "@asosnin/ajs": {
      "version": "1.0.0",
      "resolved": "https://npm.pkg.github.com/download/@asosnin/ajs/1.0.0/f5e3b16c7d6f881a63d954624fece80162e2e9aed1d0bb09b1f3001ca294a902",
      "integrity": "sha512-bB6sGjpt/gO7+JEZgcGwmuuupHDoGyELWrEvg3G5kOJ0TyTUQ3nONBvzDczf35YUoKCDjtyDBbxaPcXPsoiR3g=="
    }
  }
}
